
Microsoft Visual Studio Solution File, Format Version 12.00
# Visual Studio Version 17
VisualStudioVersion = 17.0.31903.59
MinimumVisualStudioVersion = 10.0.40219.1
Project("{2150E333-8FDC-42A3-9474-1A3956D46DE8}") = "src", "src", "{827E0CD3-B72D-47B6-A68D-7590B98EB39B}"
EndProject
Project("{FAE04EC0-301F-11D3-BF4B-00C04F79EFBC}") = "BetterStarRail.App", "src\BetterStarRail.App\BetterStarRail.App.csproj", "{7C87DF63-7CEF-440D-9762-7B622AA945C5}"
EndProject
Project("{FAE04EC0-301F-11D3-BF4B-00C04F79EFBC}") = "BetterStarRail.Core", "src\BetterStarRail.Core\BetterStarRail.Core.csproj", "{400CAE46-86AE-4406-B9D6-CA9014EC0386}"
EndProject
Project("{FAE04EC0-301F-11D3-BF4B-00C04F79EFBC}") = "BetterStarRail.Infrastructure.Windows", "src\BetterStarRail.Infrastructure.Windows\BetterStarRail.Infrastructure.Windows.csproj", "{C70DC4FE-F922-4A69-A253-EFA212DC245B}"
EndProject
Project("{FAE04EC0-301F-11D3-BF4B-00C04F79EFBC}") = "BetterStarRail.Automation", "src\BetterStarRail.Automation\BetterStarRail.Automation.csproj", "{AEAE3309-2E3E-48F8-89D6-6E00BBA4A84F}"
EndProject
Project("{FAE04EC0-301F-11D3-BF4B-00C04F79EFBC}") = "BetterStarRail.Vision", "src\BetterStarRail.Vision\BetterStarRail.Vision.csproj", "{71BA69F1-C27E-4116-836A-05B764590383}"
EndProject
Project("{2150E333-8FDC-42A3-9474-1A3956D46DE8}") = "tests", "tests", "{0AB3BF05-4346-4AA6-1389-037BE0695223}"
EndProject
Project("{FAE04EC0-301F-11D3-BF4B-00C04F79EFBC}") = "BetterStarRail.Core.Tests", "tests\BetterStarRail.Core.Tests\BetterStarRail.Core.Tests.csproj", "{216A433E-BFAB-46A1-8424-A14E28A5B07F}"
EndProject
Project("{FAE04EC0-301F-11D3-BF4B-00C04F79EFBC}") = "BetterStarRail.Automation.Tests", "tests\BetterStarRail.Automation.Tests\BetterStarRail.Automation.Tests.csproj", "{DC12BF8F-9DD3-4AB9-B707-7584A9C97E92}"
EndProject
Project("{FAE04EC0-301F-11D3-BF4B-00C04F79EFBC}") = "BetterStarRail.Vision.Tests", "tests\BetterStarRail.Vision.Tests\BetterStarRail.Vision.Tests.csproj", "{F47DA714-ED5B-4656-BC3B-E875FF7EB502}"
EndProject
Global
	GlobalSection(SolutionConfigurationPlatforms) = preSolution
		Debug|Any CPU = Debug|Any CPU
		Debug|x64 = Debug|x64
		Debug|x86 = Debug|x86
		Release|Any CPU = Release|Any CPU
		Release|x64 = Release|x64
		Release|x86 = Release|x86
	EndGlobalSection
	GlobalSection(ProjectConfigurationPlatforms) = postSolution
		{7C87DF63-7CEF-440D-9762-7B622AA945C5}.Debug|Any CPU.ActiveCfg = Debug|Any CPU
		{7C87DF63-7CEF-440D-9762-7B622AA945C5}.Debug|Any CPU.Build.0 = Debug|Any CPU
		{7C87DF63-7CEF-440D-9762-7B622AA945C5}.Debug|x64.ActiveCfg = Debug|Any CPU
		{7C87DF63-7CEF-440D-9762-7B622AA945C5}.Debug|x64.Build.0 = Debug|Any CPU
		{7C87DF63-7CEF-440D-9762-7B622AA945C5}.Debug|x86.ActiveCfg = Debug|Any CPU
		{7C87DF63-7CEF-440D-9762-7B622AA945C5}.Debug|x86.Build.0 = Debug|Any CPU
		{7C87DF63-7CEF-440D-9762-7B622AA945C5}.Release|Any CPU.ActiveCfg = Release|Any CPU
		{7C87DF63-7CEF-440D-9762-7B622AA945C5}.Release|Any CPU.Build.0 = Release|Any CPU
		{7C87DF63-7CEF-440D-9762-7B622AA945C5}.Release|x64.ActiveCfg = Release|Any CPU
		{7C87DF63-7CEF-440D-9762-7B622AA945C5}.Release|x64.Build.0 = Release|Any CPU
		{7C87DF63-7CEF-440D-9762-7B622AA945C5}.Release|x86.ActiveCfg = Release|Any CPU
		{7C87DF63-7CEF-440D-9762-7B622AA945C5}.Release|x86.Build.0 = Release|Any CPU
		{400CAE46-86AE-4406-B9D6-CA9014EC0386}.Debug|Any CPU.ActiveCfg = Debug|Any CPU
		{400CAE46-86AE-4406-B9D6-CA9014EC0386}.Debug|Any CPU.Build.0 = Debug|Any CPU
		{400CAE46-86AE-4406-B9D6-CA9014EC0386}.Debug|x64.ActiveCfg = Debug|Any CPU
		{400CAE46-86AE-4406-B9D6-CA9014EC0386}.Debug|x64.Build.0 = Debug|Any CPU
		{400CAE46-86AE-4406-B9D6-CA9014EC0386}.Debug|x86.ActiveCfg = Debug|Any CPU
		{400CAE46-86AE-4406-B9D6-CA9014EC0386}.Debug|x86.Build.0 = Debug|Any CPU
		{400CAE46-86AE-4406-B9D6-CA9014EC0386}.Release|Any CPU.ActiveCfg = Release|Any CPU
		{400CAE46-86AE-4406-B9D6-CA9014EC0386}.Release|Any CPU.Build.0 = Release|Any CPU
		{400CAE46-86AE-4406-B9D6-CA9014EC0386}.Release|x64.ActiveCfg = Release|Any CPU
		{400CAE46-86AE-4406-B9D6-CA9014EC0386}.Release|x64.Build.0 = Release|Any CPU
		{400CAE46-86AE-4406-B9D6-CA9014EC0386}.Release|x86.ActiveCfg = Release|Any CPU
		{400CAE46-86AE-4406-B9D6-CA9014EC0386}.Release|x86.Build.0 = Release|Any CPU
		{C70DC4FE-F922-4A69-A253-EFA212DC245B}.Debug|Any CPU.ActiveCfg = Debug|Any CPU
		{C70DC4FE-F922-4A69-A253-EFA212DC245B}.Debug|Any CPU.Build.0 = Debug|Any CPU
		{C70DC4FE-F922-4A69-A253-EFA212DC245B}.Debug|x64.ActiveCfg = Debug|Any CPU
		{C70DC4FE-F922-4A69-A253-EFA212DC245B}.Debug|x64.Build.0 = Debug|Any CPU
		{C70DC4FE-F922-4A69-A253-EFA212DC245B}.Debug|x86.ActiveCfg = Debug|Any CPU
		{C70DC4FE-F922-4A69-A253-EFA212DC245B}.Debug|x86.Build.0 = Debug|Any CPU
		{C70DC4FE-F922-4A69-A253-EFA212DC245B}.Release|Any CPU.ActiveCfg = Release|Any CPU
		{C70DC4FE-F922-4A69-A253-EFA212DC245B}.Release|Any CPU.Build.0 = Release|Any CPU
		{C70DC4FE-F922-4A69-A253-EFA212DC245B}.Release|x64.ActiveCfg = Release|Any CPU
		{C70DC4FE-F922-4A69-A253-EFA212DC245B}.Release|x64.Build.0 = Release|Any CPU
		{C70DC4FE-F922-4A69-A253-EFA212DC245B}.Release|x86.ActiveCfg = Release|Any CPU
		{C70DC4FE-F922-4A69-A253-EFA212DC245B}.Release|x86.Build.0 = Release|Any CPU
		{AEAE3309-2E3E-48F8-89D6-6E00BBA4A84F}.Debug|Any CPU.ActiveCfg = Debug|Any CPU
		{AEAE3309-2E3E-48F8-89D6-6E00BBA4A84F}.Debug|Any CPU.Build.0 = Debug|Any CPU
		{AEAE3309-2E3E-48F8-89D6-6E00BBA4A84F}.Debug|x64.ActiveCfg = Debug|Any CPU
		{AEAE3309-2E3E-48F8-89D6-6E00BBA4A84F}.Debug|x64.Build.0 = Debug|Any CPU
		{AEAE3309-2E3E-48F8-89D6-6E00BBA4A84F}.Debug|x86.ActiveCfg = Debug|Any CPU
		{AEAE3309-2E3E-48F8-89D6-6E00BBA4A84F}.Debug|x86.Build.0 = Debug|Any CPU
		{AEAE3309-2E3E-48F8-89D6-6E00BBA4A84F}.Release|Any CPU.ActiveCfg = Release|Any CPU
		{AEAE3309-2E3E-48F8-89D6-6E00BBA4A84F}.Release|Any CPU.Build.0 = Release|Any CPU
		{AEAE3309-2E3E-48F8-89D6-6E00BBA4A84F}.Release|x64.ActiveCfg = Release|Any CPU
		{AEAE3309-2E3E-48F8-89D6-6E00BBA4A84F}.Release|x64.Build.0 = Release|Any CPU
		{AEAE3309-2E3E-48F8-89D6-6E00BBA4A84F}.Release|x86.ActiveCfg = Release|Any CPU
		{AEAE3309-2E3E-48F8-89D6-6E00BBA4A84F}.Release|x86.Build.0 = Release|Any CPU
		{71BA69F1-C27E-4116-836A-05B764590383}.Debug|Any CPU.ActiveCfg = Debug|Any CPU
		{71BA69F1-C27E-4116-836A-05B764590383}.Debug|Any CPU.Build.0 = Debug|Any CPU
		{71BA69F1-C27E-4116-836A-05B764590383}.Debug|x64.ActiveCfg = Debug|Any CPU
		{71BA69F1-C27E-4116-836A-05B764590383}.Debug|x64.Build.0 = Debug|Any CPU
		{71BA69F1-C27E-4116-836A-05B764590383}.Debug|x86.ActiveCfg = Debug|Any CPU
		{71BA69F1-C27E-4116-836A-05B764590383}.Debug|x86.Build.0 = Debug|Any CPU
		{71BA69F1-C27E-4116-836A-05B764590383}.Release|Any CPU.ActiveCfg = Release|Any CPU
		{71BA69F1-C27E-4116-836A-05B764590383}.Release|Any CPU.Build.0 = Release|Any CPU
		{71BA69F1-C27E-4116-836A-05B764590383}.Release|x64.ActiveCfg = Release|Any CPU
		{71BA69F1-C27E-4116-836A-05B764590383}.Release|x64.Build.0 = Release|Any CPU
		{71BA69F1-C27E-4116-836A-05B764590383}.Release|x86.ActiveCfg = Release|Any CPU
		{71BA69F1-C27E-4116-836A-05B764590383}.Release|x86.Build.0 = Release|Any CPU
		{216A433E-BFAB-46A1-8424-A14E28A5B07F}.Debug|Any CPU.ActiveCfg = Debug|Any CPU
		{216A433E-BFAB-46A1-8424-A14E28A5B07F}.Debug|Any CPU.Build.0 = Debug|Any CPU
		{216A433E-BFAB-46A1-8424-A14E28A5B07F}.Debug|x64.ActiveCfg = Debug|Any CPU
		{216A433E-BFAB-46A1-8424-A14E28A5B07F}.Debug|x64.Build.0 = Debug|Any CPU
		{216A433E-BFAB-46A1-8424-A14E28A5B07F}.Debug|x86.ActiveCfg = Debug|Any CPU
		{216A433E-BFAB-46A1-8424-A14E28A5B07F}.Debug|x86.Build.0 = Debug|Any CPU
		{216A433E-BFAB-46A1-8424-A14E28A5B07F}.Release|Any CPU.ActiveCfg = Release|Any CPU
		{216A433E-BFAB-46A1-8424-A14E28A5B07F}.Release|Any CPU.Build.0 = Release|Any CPU
		{216A433E-BFAB-46A1-8424-A14E28A5B07F}.Release|x64.ActiveCfg = Release|Any CPU
		{216A433E-BFAB-46A1-8424-A14E28A5B07F}.Release|x64.Build.0 = Release|Any CPU
		{216A433E-BFAB-46A1-8424-A14E28A5B07F}.Release|x86.ActiveCfg = Release|Any CPU
		{216A433E-BFAB-46A1-8424-A14E28A5B07F}.Release|x86.Build.0 = Release|Any CPU
		{DC12BF8F-9DD3-4AB9-B707-7584A9C97E92}.Debug|Any CPU.ActiveCfg = Debug|Any CPU
		{DC12BF8F-9DD3-4AB9-B707-7584A9C97E92}.Debug|Any CPU.Build.0 = Debug|Any CPU
		{DC12BF8F-9DD3-4AB9-B707-7584A9C97E92}.Debug|x64.ActiveCfg = Debug|Any CPU
		{DC12BF8F-9DD3-4AB9-B707-7584A9C97E92}.Debug|x64.Build.0 = Debug|Any CPU
		{DC12BF8F-9DD3-4AB9-B707-7584A9C97E92}.Debug|x86.ActiveCfg = Debug|Any CPU
		{DC12BF8F-9DD3-4AB9-B707-7584A9C97E92}.Debug|x86.Build.0 = Debug|Any CPU
		{DC12BF8F-9DD3-4AB9-B707-7584A9C97E92}.Release|Any CPU.ActiveCfg = Release|Any CPU
		{DC12BF8F-9DD3-4AB9-B707-7584A9C97E92}.Release|Any CPU.Build.0 = Release|Any CPU
		{DC12BF8F-9DD3-4AB9-B707-7584A9C97E92}.Release|x64.ActiveCfg = Release|Any CPU
		{DC12BF8F-9DD3-4AB9-B707-7584A9C97E92}.Release|x64.Build.0 = Release|Any CPU
		{DC12BF8F-9DD3-4AB9-B707-7584A9C97E92}.Release|x86.ActiveCfg = Release|Any CPU
		{DC12BF8F-9DD3-4AB9-B707-7584A9C97E92}.Release|x86.Build.0 = Release|Any CPU
		{F47DA714-ED5B-4656-BC3B-E875FF7EB502}.Debug|Any CPU.ActiveCfg = Debug|Any CPU
		{F47DA714-ED5B-4656-BC3B-E875FF7EB502}.Debug|Any CPU.Build.0 = Debug|Any CPU
		{F47DA714-ED5B-4656-BC3B-E875FF7EB502}.Debug|x64.ActiveCfg = Debug|Any CPU
		{F47DA714-ED5B-4656-BC3B-E875FF7EB502}.Debug|x64.Build.0 = Debug|Any CPU
		{F47DA714-ED5B-4656-BC3B-E875FF7EB502}.Debug|x86.ActiveCfg = Debug|Any CPU
		{F47DA714-ED5B-4656-BC3B-E875FF7EB502}.Debug|x86.Build.0 = Debug|Any CPU
		{F47DA714-ED5B-4656-BC3B-E875FF7EB502}.Release|Any CPU.ActiveCfg = Release|Any CPU
		{F47DA714-ED5B-4656-BC3B-E875FF7EB502}.Release|Any CPU.Build.0 = Release|Any CPU
		{F47DA714-ED5B-4656-BC3B-E875FF7EB502}.Release|x64.ActiveCfg = Release|Any CPU
		{F47DA714-ED5B-4656-BC3B-E875FF7EB502}.Release|x64.Build.0 = Release|Any CPU
		{F47DA714-ED5B-4656-BC3B-E875FF7EB502}.Release|x86.ActiveCfg = Release|Any CPU
		{F47DA714-ED5B-4656-BC3B-E875FF7EB502}.Release|x86.Build.0 = Release|Any CPU
	EndGlobalSection
	GlobalSection(SolutionProperties) = preSolution
		HideSolutionNode = FALSE
	EndGlobalSection
	GlobalSection(NestedProjects) = preSolution
		{7C87DF63-7CEF-440D-9762-7B622AA945C5} = {827E0CD3-B72D-47B6-A68D-7590B98EB39B}
		{400CAE46-86AE-4406-B9D6-CA9014EC0386} = {827E0CD3-B72D-47B6-A68D-7590B98EB39B}
		{C70DC4FE-F922-4A69-A253-EFA212DC245B} = {827E0CD3-B72D-47B6-A68D-7590B98EB39B}
		{AEAE3309-2E3E-48F8-89D6-6E00BBA4A84F} = {827E0CD3-B72D-47B6-A68D-7590B98EB39B}
		{71BA69F1-C27E-4116-836A-05B764590383} = {827E0CD3-B72D-47B6-A68D-7590B98EB39B}
		{216A433E-BFAB-46A1-8424-A14E28A5B07F} = {0AB3BF05-4346-4AA6-1389-037BE0695223}
		{DC12BF8F-9DD3-4AB9-B707-7584A9C97E92} = {0AB3BF05-4346-4AA6-1389-037BE0695223}
		{F47DA714-ED5B-4656-BC3B-E875FF7EB502} = {0AB3BF05-4346-4AA6-1389-037BE0695223}
	EndGlobalSection
EndGlobal
